{
  "name": "protocol-tools",
  "version": "1.0.0",
  "lockfileVersion": 2,
  "requires": true,
  "packages": {
    "": {
      "name": "protocol-tools",
      "version": "1.0.0",
      "license": "ISC",
      "dependencies": {
        "csv-writer": "^1.6.0",
        "fs": "^0.0.1-security",
        "pcap-ng-parser": "^1.0.0"
      }
    },
    "node_modules/csv-writer": {
      "version": "1.6.0",
      "resolved": "https://registry.npmjs.org/csv-writer/-/csv-writer-1.6.0.tgz",
      "integrity": "sha512-NOx7YDFWEsM/fTRAJjRpPp8t+MKRVvniAg9wQlUKx20MFrPs73WLJhFf5iteqrxNYnsy924K3Iroh3yNHeYd2g=="
    },
    "node_modules/ether-frame": {
      "version": "0.2.0",
      "resolved": "https://registry.npmjs.org/ether-frame/-/ether-frame-0.2.0.tgz",
      "integrity": "sha512-DlG5fLL+Q1O+dQ2Cq8t8mq5moot45EI/+xUH1yIow/o3p5v9NeasPS8CYZrcDhOsnO7WhnkBGwiPInA2brp0pQ==",
      "dependencies": {
        "mac-address": "~0.3.0"
      }
    },
    "node_modules/fs": {
      "version": "0.0.1-security",
      "resolved": "https://registry.npmjs.org/fs/-/fs-0.0.1-security.tgz",
      "integrity": "sha512-3XY9e1pP0CVEUCdj5BmfIZxRBTSDycnbqhIOGec9QYtmVH2fbLpj86CFWkrNOkt/Fvty4KZG5lTglL9j/gJ87w=="
    },
    "node_modules/mac-address": {
      "version": "0.3.0",
      "resolved": "https://registry.npmjs.org/mac-address/-/mac-address-0.3.0.tgz",
      "integrity": "sha512-MeWDulIS3dvdVRsbJCiTFZKFNCoEFL+n3GD9/Em1fTssGK/OH+/j5NUJUOLnijNp5gWk2UWjnlJnkHRMpNFfsw=="
    },
    "node_modules/pcap-ng-parser": {
      "version": "1.0.0",
      "resolved": "https://registry.npmjs.org/pcap-ng-parser/-/pcap-ng-parser-1.0.0.tgz",
      "integrity": "sha512-ySJiSEHAaFZXkwTVj2vSTFQSfwAqg9+uiCdasz2UbIaJRH9xq/MRJwzvWWZxH0ByxJhNB8wDRdrSWrKgfI7Dwg==",
      "dependencies": {
        "ether-frame": "^0.2.0"
      }
    }
  },
  "dependencies": {
    "csv-writer": {
      "version": "1.6.0",
      "resolved": "https://registry.npmjs.org/csv-writer/-/csv-writer-1.6.0.tgz",
      "integrity": "sha512-NOx7YDFWEsM/fTRAJjRpPp8t+MKRVvniAg9wQlUKx20MFrPs73WLJhFf5iteqrxNYnsy924K3Iroh3yNHeYd2g=="
    },
    "ether-frame": {
      "version": "0.2.0",
      "resolved": "https://registry.npmjs.org/ether-frame/-/ether-frame-0.2.0.tgz",
      "integrity": "sha512-DlG5fLL+Q1O+dQ2Cq8t8mq5moot45EI/+xUH1yIow/o3p5v9NeasPS8CYZrcDhOsnO7WhnkBGwiPInA2brp0pQ==",
      "requires": {
        "mac-address": "~0.3.0"
      }
    },
    "fs": {
      "version": "0.0.1-security",
      "resolved": "https://registry.npmjs.org/fs/-/fs-0.0.1-security.tgz",
      "integrity": "sha512-3XY9e1pP0CVEUCdj5BmfIZxRBTSDycnbqhIOGec9QYtmVH2fbLpj86CFWkrNOkt/Fvty4KZG5lTglL9j/gJ87w=="
    },
    "mac-address": {
      "version": "0.3.0",
      "resolved": "https://registry.npmjs.org/mac-address/-/mac-address-0.3.0.tgz",
      "integrity": "sha512-MeWDulIS3dvdVRsbJCiTFZKFNCoEFL+n3GD9/Em1fTssGK/OH+/j5NUJUOLnijNp5gWk2UWjnlJnkHRMpNFfsw=="
    },
    "pcap-ng-parser": {
      "version": "1.0.0",
      "resolved": "https://registry.npmjs.org/pcap-ng-parser/-/pcap-ng-parser-1.0.0.tgz",
      "integrity": "sha512-ySJiSEHAaFZXkwTVj2vSTFQSfwAqg9+uiCdasz2UbIaJRH9xq/MRJwzvWWZxH0ByxJhNB8wDRdrSWrKgfI7Dwg==",
      "requires": {
        "ether-frame": "^0.2.0"
      }
    }
  }
}
